[root]
name = "nand"
version = "0.1.0"
dependencies = [
 "petgraph 0.4.3 (registry+https://github.com/rust-lang/crates.io-index)",
]

[[package]]
name = "fixedbitset"
version = "0.1.5"
source = "registry+https://github.com/rust-lang/crates.io-index"

[[package]]
name = "ordermap"
version = "0.2.8"
source = "registry+https://github.com/rust-lang/crates.io-index"

[[package]]
name = "petgraph"
version = "0.4.3"
source = "registry+https://github.com/rust-lang/crates.io-index"
dependencies = [
 "fixedbitset 0.1.5 (registry+https://github.com/rust-lang/crates.io-index)",
 "ordermap 0.2.8 (registry+https://github.com/rust-lang/crates.io-index)",
]

[metadata]
"checksum fixedbitset 0.1.5 (registry+https://github.com/rust-lang/crates.io-index)" = "88c3c33fc4c00db33f5174eb98aea809c4c007db0b71351d810a7e094ea3b64d"
"checksum ordermap 0.2.8 (registry+https://github.com/rust-lang/crates.io-index)" = "fdaf30b4edcc481e006518450305ada0149955758851ac87b78128bfbfdf310b"
"checksum petgraph 0.4.3 (registry+https://github.com/rust-lang/crates.io-index)" = "284bb4b0b61d2b0aba0202aad4d9625a5a2e7f9840dc4353709cbcfe9ae57bbd"
